{
  "version": 4,
  "terraform_version": "1.14.8",
  "serial": 8,
  "lineage": "c33e5c21-806d-6dea-1046-c1307b6087d4",
  "outputs": {},
  "resources": [
    {
      "mode": "managed",
      "type": "docker_container",
      "name": "mysql_container",
      "provider": "provider[\"registry.terraform.io/kreuzwerker/docker\"]",
      "instances": [
        {
          "schema_version": 2,
          "attributes": {
            "attach": false,
            "bridge": "",
            "capabilities": [],
            "cgroup_parent": null,
            "cgroupns_mode": null,
            "command": [
              "mysqld"
            ],
            "container_logs": null,
            "container_read_refresh_timeout_milliseconds": 15000,
            "cpu_period": null,
            "cpu_quota": null,
            "cpu_set": "",
            "cpu_shares": 0,
            "cpus": null,
            "destroy_grace_seconds": null,
            "device_read_bps": [],
            "device_read_iops": [],
            "device_requests": [],
            "device_write_bps": [],
            "device_write_iops": [],
            "devices": [],
            "dns": null,
            "dns_opts": null,
            "dns_search": null,
            "domainname": "",
            "entrypoint": [
              "docker-entrypoint.sh"
            ],
            "env": [
              "MYSQL_DATABASE=myapp",
              "MYSQL_PASSWORD=User@123Secure",
              "MYSQL_ROOT_PASSWORD=root",
              "MYSQL_USER=appuser"
            ],
            "exit_code": null,
            "gpus": null,
            "group_add": null,
            "healthcheck": null,
            "host": [],
            "hostname": "7c1a21a0bd37",
            "id": "7c1a21a0bd375f28e4812d9717af57f530b967f160969c196b3c908cf0dc48ba",
            "image": "mysql:8",
            "init": false,
            "ipc_mode": "private",
            "labels": [],
            "log_driver": "json-file",
            "log_opts": null,
            "logs": false,
            "max_retry_count": 0,
            "memory": 0,
            "memory_reservation": 0,
            "memory_swap": 0,
            "mounts": [],
            "must_run": true,
            "name": "mydb",
            "network_data": [
              {
                "gateway": "172.20.0.1",
                "global_ipv6_address": "",
                "global_ipv6_prefix_length": 0,
                "ip_address": "172.20.0.2",
                "ip_prefix_length": 16,
                "ipv6_gateway": "",
                "mac_address": "82:14:12:90:16:18",
                "network_name": "myapp_network"
              }
            ],
            "network_mode": "bridge",
            "networks_advanced": [
              {
                "aliases": [],
                "driver_opts": [],
                "gw_priority": null,
                "ipv4_address": "",
                "ipv6_address": "",
                "link_local_ips": [],
                "mac_address": "",
                "name": "myapp_network"
              }
            ],
            "pid_mode": "",
            "platform": "linux",
            "ports": [
              {
                "external": 3307,
                "internal": 3306,
                "ip": "0.0.0.0",
                "protocol": "tcp"
              }
            ],
            "privileged": false,
            "publish_all_ports": false,
            "read_only": false,
            "remove_volumes": true,
            "restart": "always",
            "rm": false,
            "runtime": "runc",
            "security_opts": [],
            "shm_size": 64,
            "start": true,
            "stdin_open": false,
            "stop_signal": "",
            "stop_timeout": 0,
            "storage_opts": null,
            "sysctls": null,
            "timeouts": null,
            "tmpfs": null,
            "tty": false,
            "ulimit": [],
            "upload": [],
            "user": "",
            "userns_mode": "",
            "volumes": [],
            "wait": false,
            "wait_timeout": 60,
            "working_dir": "/"
          },
          "sensitive_attributes": [],
          "identity_schema_version": 0,
          "private": "eyJlMmJmYjczMC1lY2FhLTExZTYtOGY4OC0zNDM2M2JjN2M0YzAiOnsiY3JlYXRlIjoxMjAwMDAwMDAwMDAwLCJkZWxldGUiOjEyMDAwMDAwMDAwMDAsInVwZGF0ZSI6MTIwMDAwMDAwMDAwMH0sInNjaGVtYV92ZXJzaW9uIjoiMiJ9",
          "dependencies": [
            "docker_image.mysql",
            "docker_network.myapp_network"
          ]
        }
      ]
    },
    {
      "mode": "managed",
      "type": "docker_image",
      "name": "myapp",
      "provider": "provider[\"registry.terraform.io/kreuzwerker/docker\"]",
      "instances": [
        {
          "schema_version": 0,
          "attributes": {
            "build": [],
            "force_remove": null,
            "id": "sha256:adc6404ef3205d78a97b912269c8b49b61264f8b61b78b892686b988c698400dmyapp-image:latest",
            "image_id": "sha256:adc6404ef3205d78a97b912269c8b49b61264f8b61b78b892686b988c698400d",
            "keep_locally": null,
            "name": "myapp-image:latest",
            "platform": null,
            "pull_triggers": null,
            "repo_digest": "myapp-image@sha256:adc6404ef3205d78a97b912269c8b49b61264f8b61b78b892686b988c698400d",
            "timeouts": null,
            "triggers": null
          },
          "sensitive_attributes": [],
          "identity_schema_version": 0,
          "private": "eyJlMmJmYjczMC1lY2FhLTExZTYtOGY4OC0zNDM2M2JjN2M0YzAiOnsiY3JlYXRlIjoxMjAwMDAwMDAwMDAwLCJkZWxldGUiOjEyMDAwMDAwMDAwMDAsInVwZGF0ZSI6MTIwMDAwMDAwMDAwMH19"
        }
      ]
    },
    {
      "mode": "managed",
      "type": "docker_image",
      "name": "mysql",
      "provider": "provider[\"registry.terraform.io/kreuzwerker/docker\"]",
      "instances": [
        {
          "schema_version": 0,
          "attributes": {
            "build": [],
            "force_remove": null,
            "id": "sha256:2952e3be7807f06fc18de50b3ea1a632d5c70d63482ff7d7376fe3aa8999babfmysql:8",
            "image_id": "sha256:2952e3be7807f06fc18de50b3ea1a632d5c70d63482ff7d7376fe3aa8999babf",
            "keep_locally": null,
            "name": "mysql:8",
            "platform": null,
            "pull_triggers": null,
            "repo_digest": "mysql@sha256:2952e3be7807f06fc18de50b3ea1a632d5c70d63482ff7d7376fe3aa8999babf",
            "timeouts": null,
            "triggers": null
          },
          "sensitive_attributes": [],
          "identity_schema_version": 0,
          "private": "eyJlMmJmYjczMC1lY2FhLTExZTYtOGY4OC0zNDM2M2JjN2M0YzAiOnsiY3JlYXRlIjoxMjAwMDAwMDAwMDAwLCJkZWxldGUiOjEyMDAwMDAwMDAwMDAsInVwZGF0ZSI6MTIwMDAwMDAwMDAwMH19"
        }
      ]
    },
    {
      "mode": "managed",
      "type": "docker_network",
      "name": "myapp_network",
      "provider": "provider[\"registry.terraform.io/kreuzwerker/docker\"]",
      "instances": [
        {
          "schema_version": 1,
          "attributes": {
            "attachable": false,
            "driver": "bridge",
            "id": "8b716f987a0383c7505a2a4b8710312e63b448cd27516607b32eefd4705f82ad",
            "ingress": false,
            "internal": false,
            "ipam_config": [
              {
                "aux_address": {},
                "gateway": "172.20.0.1",
                "ip_range": "",
                "subnet": "172.20.0.0/16"
              }
            ],
            "ipam_driver": "default",
            "ipam_options": {},
            "ipv6": false,
            "labels": [],
            "name": "myapp_network",
            "options": {},
            "scope": "local"
          },
          "sensitive_attributes": [],
          "identity_schema_version": 0,
          "private": "eyJzY2hlbWFfdmVyc2lvbiI6IjEifQ=="
        }
      ]
    }
  ],
  "check_results": null
}
